
Microsoft Visual Studio Solution File, Format Version 12.00
# Visual Studio Version 17
VisualStudioVersion = 17.14.37314.3 d17.14
MinimumVisualStudioVersion = 10.0.40219.1
Project("{8BC9CEB8-8B4A-11D0-8D11-00A0C91BC942}") = "B.4-VacasPensantes", "B.4-VacasPensantes.vcxproj", "{20270FC9-0F9C-4AB1-BEF2-9E8D1860232E}"
EndProject
Global
	GlobalSection(SolutionConfigurationPlatforms) = preSolution
		Debug|x64 = Debug|x64
		Debug|x86 = Debug|x86
		Release|x64 = Release|x64
		Release|x86 = Release|x86
	EndGlobalSection
	GlobalSection(ProjectConfigurationPlatforms) = postSolution
		{20270FC9-0F9C-4AB1-BEF2-9E8D1860232E}.Debug|x64.ActiveCfg = Debug|x64
		{20270FC9-0F9C-4AB1-BEF2-9E8D1860232E}.Debug|x64.Build.0 = Debug|x64
		{20270FC9-0F9C-4AB1-BEF2-9E8D1860232E}.Debug|x86.ActiveCfg = Debug|Win32
		{20270FC9-0F9C-4AB1-BEF2-9E8D1860232E}.Debug|x86.Build.0 = Debug|Win32
		{20270FC9-0F9C-4AB1-BEF2-9E8D1860232E}.Release|x64.ActiveCfg = Release|x64
		{20270FC9-0F9C-4AB1-BEF2-9E8D1860232E}.Release|x64.Build.0 = Release|x64
		{20270FC9-0F9C-4AB1-BEF2-9E8D1860232E}.Release|x86.ActiveCfg = Release|Win32
		{20270FC9-0F9C-4AB1-BEF2-9E8D1860232E}.Release|x86.Build.0 = Release|Win32
	EndGlobalSection
	GlobalSection(SolutionProperties) = preSolution
		HideSolutionNode = FALSE
	EndGlobalSection
	GlobalSection(ExtensibilityGlobals) = postSolution
		SolutionGuid = {6D751B89-3BC9-40CF-9957-1F9A403777EA}
	EndGlobalSection
EndGlobal
